
Microsoft Visual Studio Solution File, Format Version 12.00
# Visual Studio 2013
VisualStudioVersion = 12.0.40629.0
MinimumVisualStudioVersion = 10.0.40219.1
Project("{FAE04EC0-301F-11D3-BF4B-00C04F79EFBC}") = "CMRV", "CMRV\CMRV.csproj", "{F94FDDB0-D680-4DDA-A979-F7E387188DDC}"
EndProject
Project("{FAE04EC0-301F-11D3-BF4B-00C04F79EFBC}") = "CMRVLibrary", "CMRVLibrary\CMRVLibrary.csproj", "{F05C1189-A888-4291-8BCD-E23C94C217D6}"
EndProject
Project("{F088123C-0E9E-452A-89E6-6BA2F21D5CAC}") = "CMRModel", "CMRModel\CMRModel.modelproj", "{91CEAAF9-5430-46D2-8F64-77E0DB80BA4A}"
EndProject
Project("{FAE04EC0-301F-11D3-BF4B-00C04F79EFBC}") = "CMRModelLib", "CMRModelLib\CMRModelLib.csproj", "{7EB69AB0-DE3F-4D96-AC79-38B17DA67AA8}"
EndProject
Project("{FAE04EC0-301F-11D3-BF4B-00C04F79EFBC}") = "CMRW", "CMRW\CMRW.csproj", "{CFE407EF-6C1B-47E2-AEE8-530BACCA8473}"
EndProject
Global
	GlobalSection(SolutionConfigurationPlatforms) = preSolution
		Debug|Any CPU = Debug|Any CPU
		Release|Any CPU = Release|Any CPU
	EndGlobalSection
	GlobalSection(ProjectConfigurationPlatforms) = postSolution
		{F94FDDB0-D680-4DDA-A979-F7E387188DDC}.Debug|Any CPU.ActiveCfg = Debug|Any CPU
		{F94FDDB0-D680-4DDA-A979-F7E387188DDC}.Debug|Any CPU.Build.0 = Debug|Any CPU
		{F94FDDB0-D680-4DDA-A979-F7E387188DDC}.Release|Any CPU.ActiveCfg = Release|Any CPU
		{F94FDDB0-D680-4DDA-A979-F7E387188DDC}.Release|Any CPU.Build.0 = Release|Any CPU
		{F05C1189-A888-4291-8BCD-E23C94C217D6}.Debug|Any CPU.ActiveCfg = Debug|Any CPU
		{F05C1189-A888-4291-8BCD-E23C94C217D6}.Debug|Any CPU.Build.0 = Debug|Any CPU
		{F05C1189-A888-4291-8BCD-E23C94C217D6}.Release|Any CPU.ActiveCfg = Release|Any CPU
		{F05C1189-A888-4291-8BCD-E23C94C217D6}.Release|Any CPU.Build.0 = Release|Any CPU
		{91CEAAF9-5430-46D2-8F64-77E0DB80BA4A}.Debug|Any CPU.ActiveCfg = Debug|Any CPU
		{91CEAAF9-5430-46D2-8F64-77E0DB80BA4A}.Debug|Any CPU.Build.0 = Debug|Any CPU
		{91CEAAF9-5430-46D2-8F64-77E0DB80BA4A}.Release|Any CPU.ActiveCfg = Release|Any CPU
		{91CEAAF9-5430-46D2-8F64-77E0DB80BA4A}.Release|Any CPU.Build.0 = Release|Any CPU
		{7EB69AB0-DE3F-4D96-AC79-38B17DA67AA8}.Debug|Any CPU.ActiveCfg = Debug|Any CPU
		{7EB69AB0-DE3F-4D96-AC79-38B17DA67AA8}.Debug|Any CPU.Build.0 = Debug|Any CPU
		{7EB69AB0-DE3F-4D96-AC79-38B17DA67AA8}.Release|Any CPU.ActiveCfg = Release|Any CPU
		{7EB69AB0-DE3F-4D96-AC79-38B17DA67AA8}.Release|Any CPU.Build.0 = Release|Any CPU
		{CFE407EF-6C1B-47E2-AEE8-530BACCA8473}.Debug|Any CPU.ActiveCfg = Debug|Any CPU
		{CFE407EF-6C1B-47E2-AEE8-530BACCA8473}.Debug|Any CPU.Build.0 = Debug|Any CPU
		{CFE407EF-6C1B-47E2-AEE8-530BACCA8473}.Release|Any CPU.ActiveCfg = Release|Any CPU
		{CFE407EF-6C1B-47E2-AEE8-530BACCA8473}.Release|Any CPU.Build.0 = Release|Any CPU
	EndGlobalSection
	GlobalSection(SolutionProperties) = preSolution
		HideSolutionNode = FALSE
	EndGlobalSection
EndGlobal
